# This file is automatically @generated by Poetry 2.1.3 and should not be changed by hand.

[[package]]
name = "colorama"
version = "0.4.5"
description = "Cross-platform colored terminal text."
optional = false
python-versions = ">=2.7, !=3.0.*, !=3.1.*, !=3.2.*, !=3.3.*, !=3.4.*"
groups = ["main"]
markers = "platform_system == \"Windows\" and (python_version >= \"3.9\" or python_version < \"3.7\")"
files = [
    {file = "colorama-0.4.5-py2.py3-none-any.whl", hash = "sha256:854bf444933e37f5824ae7bfc1e98d5bce2ebe4160d46b5edf346a89358e99da"},
    {file = "colorama-0.4.5.tar.gz", hash = "sha256:e6c6b4334fc50988a639d9b98aa429a0b57da6e17b9a44f0451f930b6967b7a4"},
]

[[package]]
name = "colorama"
version = "0.4.6"
description = "Cross-platform colored terminal text."
optional = false
python-versions = "!=3.0.*,!=3.1.*,!=3.2.*,!=3.3.*,!=3.4.*,!=3.5.*,!=3.6.*,>=2.7"
groups = ["main"]
markers = "python_version >= \"3.7\" and python_version < \"3.9\" and platform_system == \"Windows\""
files = [
    {file = "colorama-0.4.6-py2.py3-none-any.whl", hash = "sha256:4f1d9991f5acc0ca119f9d443620b77f9d6b33703e51011c16baf57afb285fc6"},
    {file = "colorama-0.4.6.tar.gz", hash = "sha256:08695f5cb7ed6e0531a20572697297273c47b8cae5a63ffc6d6ed5c201be6e44"},
]

[[package]]
name = "importlib-metadata"
version = "6.7.0"
description = "Read metadata from Python packages"
optional = false
python-versions = ">=3.7"
groups = ["main"]
markers = "python_version == \"3.7\" and (platform_system != \"Darwin\" or platform_machine != \"arm64\") and (platform_system != \"Linux\" or platform_machine != \"aarch64\")"
files = [
    {file = "importlib_metadata-6.7.0-py3-none-any.whl", hash = "sha256:cb52082e659e97afc5dac71e79de97d8681de3aa07ff18578330904a9d18e5b5"},
    {file = "importlib_metadata-6.7.0.tar.gz", hash = "sha256:1aaf550d4f73e5d6783e7acb77aec43d49da8017410afae93822cc9cca98c4d4"},
]

[package.dependencies]
typing-extensions = {version = ">=3.6.4", markers = "python_version < \"3.8\""}
zipp = ">=0.5"

[package.extras]
docs = ["furo", "jaraco.packaging (>=9)", "jaraco.tidelift (>=1.4)", "rst.linker (>=1.9)", "sphinx (>=3.5)", "sphinx-lint"]
perf = ["ipython"]
testing = ["flufl.flake8", "importlib-resources (>=1.3) ; python_version < \"3.9\"", "packaging", "pyfakefs", "pytest (>=6)", "pytest-black (>=0.3.7) ; platform_python_implementation != \"PyPy\"", "pytest-checkdocs (>=2.4)", "pytest-cov", "pytest-enabler (>=1.3)", "pytest-mypy (>=0.9.1) ; platform_python_implementation != \"PyPy\"", "pytest-perf (>=0.9.2)", "pytest-ruff"]

[[package]]
name = "importlib-resources"
version = "3.2.1"
description = "Read resources from Python packages"
optional = false
python-versions = "!=3.0.*,!=3.1.*,!=3.2.*,!=3.3.*,!=3.4.*,>=2.7"
groups = ["main"]
markers = "python_version < \"3.7\" and (python_version == \"3.5\" or platform_system != \"Darwin\" or platform_machine != \"arm64\") and (python_version == \"3.5\" or platform_system != \"Linux\" or platform_machine != \"aarch64\")"
files = [
    {file = "importlib_resources-3.2.1-py2.py3-none-any.whl", hash = "sha256:e2860cf0c4bc999947228d18be154fa3779c5dde0b882bd2d7b3f4d25e698bd6"},
    {file = "importlib_resources-3.2.1.tar.gz", hash = "sha256:a9fe213ab6452708ec1b3f4ec6f2881b8ab3645cb4e5efb7fea2bbf05a91db3b"},
]

[package.dependencies]
zipp = {version = ">=0.4", markers = "python_version < \"3.8\""}

[package.extras]
docs = ["jaraco.packaging", "rst.linker", "sphinx"]

[[package]]
name = "importlib-resources"
version = "5.4.0"
description = "Read resources from Python packages"
optional = false
python-versions = ">=3.6"
groups = ["main"]
markers = "platform_system == \"Darwin\" and platform_machine == \"arm64\" and python_version == \"3.6\" or python_version == \"3.6\" and platform_system == \"Linux\" and platform_machine == \"aarch64\""
files = [
    {file = "importlib_resources-5.4.0-py3-none-any.whl", hash = "sha256:33a95faed5fc19b4bc16b29a6eeae248a3fe69dd55d4d229d2b480e23eeaad45"},
    {file = "importlib_resources-5.4.0.tar.gz", hash = "sha256:d756e2f85dd4de2ba89be0b21dba2a3bbec2e871a42a3a16719258a11f87506b"},
]

[package.dependencies]
zipp = {version = ">=3.1.0", markers = "python_version < \"3.10\""}

[package.extras]
docs = ["jaraco.packaging (>=8.2)", "rst.linker (>=1.9)", "sphinx"]
testing = ["pytest (>=6)", "pytest-black (>=0.3.7) ; platform_python_implementation != \"PyPy\"", "pytest-checkdocs (>=2.4)", "pytest-cov", "pytest-enabler (>=1.0.1)", "pytest-flake8", "pytest-mypy ; platform_python_implementation != \"PyPy\""]

[[package]]
name = "numpy"
version = "1.18.5"
description = "NumPy is the fundamental package for array computing with Python."
optional = false
python-versions = ">=3.5"
groups = ["main"]
markers = "python_version < \"3.7\" and (python_version == \"3.5\" or platform_system != \"Darwin\" or platform_machine != \"arm64\") and (python_version == \"3.5\" or platform_system != \"Linux\" or platform_machine != \"aarch64\")"
files = [
    {file = "numpy-1.18.5-cp35-cp35m-macosx_10_9_intel.whl", hash = "sha256:e91d31b34fc7c2c8f756b4e902f901f856ae53a93399368d9a0dc7be17ed2ca0"},
    {file = "numpy-1.18.5-cp35-cp35m-manylinux1_i686.whl", hash = "sha256:7d42ab8cedd175b5ebcb39b5208b25ba104842489ed59fbb29356f671ac93583"},
    {file = "numpy-1.18.5-cp35-cp35m-manylinux1_x86_64.whl", hash = "sha256:a78e438db8ec26d5d9d0e584b27ef25c7afa5a182d1bf4d05e313d2d6d515271"},
    {file = "numpy-1.18.5-cp35-cp35m-win32.whl", hash = "sha256:a87f59508c2b7ceb8631c20630118cc546f1f815e034193dc72390db038a5cb3"},
    {file = "numpy-1.18.5-cp35-cp35m-win_amd64.whl", hash = "sha256:965df25449305092b23d5145b9bdaeb0149b6e41a77a7d728b1644b3c99277c1"},
    {file = "numpy-1.18.5-cp36-cp36m-macosx_10_9_x86_64.whl", hash = "sha256:ac792b385d81151bae2a5a8adb2b88261ceb4976dbfaaad9ce3a200e036753dc"},
    {file = "numpy-1.18.5-cp36-cp36m-manylinux1_i686.whl", hash = "sha256:ef627986941b5edd1ed74ba89ca43196ed197f1a206a3f18cc9faf2fb84fd675"},
    {file = "numpy-1.18.5-cp36-cp36m-manylinux1_x86_64.whl", hash = "sha256:f718a7949d1c4f622ff548c572e0c03440b49b9531ff00e4ed5738b459f011e8"},
    {file = "numpy-1.18.5-cp36-cp36m-win32.whl", hash = "sha256:4064f53d4cce69e9ac613256dc2162e56f20a4e2d2086b1956dd2fcf77b7fac5"},
    {file = "numpy-1.18.5-cp36-cp36m-win_amd64.whl", hash = "sha256:b03b2c0badeb606d1232e5f78852c102c0a7989d3a534b3129e7856a52f3d161"},
    {file = "numpy-1.18.5-cp37-cp37m-macosx_10_9_x86_64.whl", hash = "sha256:a7acefddf994af1aeba05bbbafe4ba983a187079f125146dc5859e6d817df824"},
    {file = "numpy-1.18.5-cp37-cp37m-manylinux1_i686.whl", hash = "sha256:cd49930af1d1e49a812d987c2620ee63965b619257bd76eaaa95870ca08837cf"},
    {file = "numpy-1.18.5-cp37-cp37m-manylinux1_x86_64.whl", hash = "sha256:b39321f1a74d1f9183bf1638a745b4fd6fe80efbb1f6b32b932a588b4bc7695f"},
    {file = "numpy-1.18.5-cp37-cp37m-win32.whl", hash = "sha256:cae14a01a159b1ed91a324722d746523ec757357260c6804d11d6147a9e53e3f"},
    {file = "numpy-1.18.5-cp37-cp37m-win_amd64.whl", hash = "sha256:0172304e7d8d40e9e49553901903dc5f5a49a703363ed756796f5808a06fc233"},
    {file = "numpy-1.18.5-cp38-cp38-macosx_10_9_x86_64.whl", hash = "sha256:e15b382603c58f24265c9c931c9a45eebf44fe2e6b4eaedbb0d025ab3255228b"},
    {file = "numpy-1.18.5-cp38-cp38-manylinux1_i686.whl", hash = "sha256:3676abe3d621fc467c4c1469ee11e395c82b2d6b5463a9454e37fe9da07cd0d7"},
    {file = "numpy-1.18.5-cp38-cp38-manylinux1_x86_64.whl", hash = "sha256:4674f7d27a6c1c52a4d1aa5f0881f1eff840d2206989bae6acb1c7668c02ebfb"},
    {file = "numpy-1.18.5-cp38-cp38-win32.whl", hash = "sha256:9c9d6531bc1886454f44aa8f809268bc481295cf9740827254f53c30104f074a"},
    {file = "numpy-1.18.5-cp38-cp38-win_amd64.whl", hash = "sha256:3dd6823d3e04b5f223e3e265b4a1eae15f104f4366edd409e5a5e413a98f911f"},
    {file = "numpy-1.18.5.zip", hash = "sha256:34e96e9dae65c4839bd80012023aadd6ee2ccb73ce7fdf3074c62f301e63120b"},
]

[[package]]
name = "numpy"
version = "1.19.5"
description = "NumPy is the fundamental package for array computing with Python."
optional = false
python-versions = ">=3.6"
groups = ["main"]
markers = "platform_system == \"Darwin\" and platform_machine == \"arm64\" and python_version >= \"3.6\" or python_version >= \"3.9\" or python_version >= \"3.6\" and platform_system == \"Linux\" and platform_machine == \"aarch64\""
files = [
    {file = "numpy-1.19.5-cp36-cp36m-macosx_10_9_x86_64.whl", hash = "sha256:cc6bd4fd593cb261332568485e20a0712883cf631f6f5e8e86a52caa8b2b50ff"},
    {file = "numpy-1.19.5-cp36-cp36m-manylinux1_i686.whl", hash = "sha256:aeb9ed923be74e659984e321f609b9ba54a48354bfd168d21a2b072ed1e833ea"},
    {file = "numpy-1.19.5-cp36-cp36m-manylinux1_x86_64.whl", hash = "sha256:8b5e972b43c8fc27d56550b4120fe6257fdc15f9301914380b27f74856299fea"},
    {file = "numpy-1.19.5-cp36-cp36m-manylinux2010_i686.whl", hash = "sha256:43d4c81d5ffdff6bae58d66a3cd7f54a7acd9a0e7b18d97abb255defc09e3140"},
    {file = "numpy-1.19.5-cp36-cp36m-manylinux2010_x86_64.whl", hash = "sha256:a4646724fba402aa7504cd48b4b50e783296b5e10a524c7a6da62e4a8ac9698d"},
    {file = "numpy-1.19.5-cp36-cp36m-manylinux2014_aarch64.whl", hash = "sha256:2e55195bc1c6b705bfd8ad6f288b38b11b1af32f3c8289d6c50d47f950c12e76"},
    {file = "numpy-1.19.5-cp36-cp36m-win32.whl", hash = "sha256:39b70c19ec771805081578cc936bbe95336798b7edf4732ed102e7a43ec5c07a"},
    {file = "numpy-1.19.5-cp36-cp36m-win_amd64.whl", hash = "sha256:dbd18bcf4889b720ba13a27ec2f2aac1981bd41203b3a3b27ba7a33f88ae4827"},
    {file = "numpy-1.19.5-cp37-cp37m-macosx_10_9_x86_64.whl", hash = "sha256:603aa0706be710eea8884af807b1b3bc9fb2e49b9f4da439e76000f3b3c6ff0f"},
    {file = "numpy-1.19.5-cp37-cp37m-manylinux1_i686.whl", hash = "sha256:cae865b1cae1ec2663d8ea56ef6ff185bad091a5e33ebbadd98de2cfa3fa668f"},
    {file = "numpy-1.19.5-cp37-cp37m-manylinux1_x86_64.whl", hash = "sha256:36674959eed6957e61f11c912f71e78857a8d0604171dfd9ce9ad5cbf41c511c"},
    {file = "numpy-1.19.5-cp37-cp37m-manylinux2010_i686.whl", hash = "sha256:06fab248a088e439402141ea04f0fffb203723148f6ee791e9c75b3e9e82f080"},
    {file = "numpy-1.19.5-cp37-cp37m-manylinux2010_x86_64.whl", hash = "sha256:6149a185cece5ee78d1d196938b2a8f9d09f5a5ebfbba66969302a778d5ddd1d"},
    {file = "numpy-1.19.5-cp37-cp37m-manylinux2014_aarch64.whl", hash = "sha256:50a4a0ad0111cc1b71fa32dedd05fa239f7fb5a43a40663269bb5dc7877cfd28"},
    {file = "numpy-1.19.5-cp37-cp37m-win32.whl", hash = "sha256:d051ec1c64b85ecc69531e1137bb9751c6830772ee5c1c426dbcfe98ef5788d7"},
    {file = "numpy-1.19.5-cp37-cp37m-win_amd64.whl", hash = "sha256:a12ff4c8ddfee61f90a1633a4c4afd3f7bcb32b11c52026c92a12e1325922d0d"},
    {file = "numpy-1.19.5-cp38-cp38-macosx_10_9_x86_64.whl", hash = "sha256:cf2402002d3d9f91c8b01e66fbb436a4ed01c6498fffed0e4c7566da1d40ee1e"},
    {file = "numpy-1.19.5-cp38-cp38-manylinux1_i686.whl", hash = "sha256:1ded4fce9cfaaf24e7a0ab51b7a87be9038ea1ace7f34b841fe3b6894c721d1c"},
    {file = "numpy-1.19.5-cp38-cp38-manylinux1_x86_64.whl", hash = "sha256:012426a41bc9ab63bb158635aecccc7610e3eff5d31d1eb43bc099debc979d94"},
    {file = "numpy-1.19.5-cp38-cp38-manylinux2010_i686.whl", hash = "sha256:759e4095edc3c1b3ac031f34d9459fa781777a93ccc633a472a5468587a190ff"},
    {file = "numpy-1.19.5-cp38-cp38-manylinux2010_x86_64.whl", hash = "sha256:a9d17f2be3b427fbb2bce61e596cf555d6f8a56c222bd2ca148baeeb5e5c783c"},
    {file = "numpy-1.19.5-cp38-cp38-manylinux2014_aarch64.whl", hash = "sha256:99abf4f353c3d1a0c7a5f27699482c987cf663b1eac20db59b8c7b061eabd7fc"},
    {file = "numpy-1.19.5-cp38-cp38-win32.whl", hash = "sha256:384ec0463d1c2671170901994aeb6dce126de0a95ccc3976c43b0038a37329c2"},
    {file = "numpy-1.19.5-cp38-cp38-win_amd64.whl", hash = "sha256:811daee36a58dc79cf3d8bdd4a490e4277d0e4b7d103a001a4e73ddb48e7e6aa"},
    {file = "numpy-1.19.5-cp39-cp39-macosx_10_9_x86_64.whl", hash = "sha256:c843b3f50d1ab7361ca4f0b3639bf691569493a56808a0b0c54a051d260b7dbd"},
    {file = "numpy-1.19.5-cp39-cp39-manylinux1_i686.whl", hash = "sha256:d6631f2e867676b13026e2846180e2c13c1e11289d67da08d71cacb2cd93d4aa"},
    {file = "numpy-1.19.5-cp39-cp39-manylinux1_x86_64.whl", hash = "sha256:7fb43004bce0ca31d8f13a6eb5e943fa73371381e53f7074ed21a4cb786c32f8"},
    {file = "numpy-1.19.5-cp39-cp39-manylinux2010_i686.whl", hash = "sha256:2ea52bd92ab9f768cc64a4c3ef8f4b2580a17af0a5436f6126b08efbd1838371"},
    {file = "numpy-1.19.5-cp39-cp39-manylinux2010_x86_64.whl", hash = "sha256:400580cbd3cff6ffa6293df2278c75aef2d58d8d93d3c5614cd67981dae68ceb"},
    {file = "numpy-1.19.5-cp39-cp39-manylinux2014_aarch64.whl", hash = "sha256:df609c82f18c5b9f6cb97271f03315ff0dbe481a2a02e56aeb1b1a985ce38e60"},
    {file = "numpy-1.19.5-cp39-cp39-win32.whl", hash = "sha256:ab83f24d5c52d60dbc8cd0528759532736b56db58adaa7b5f1f76ad551416a1e"},
    {file = "numpy-1.19.5-cp39-cp39-win_amd64.whl", hash = "sha256:0eef32ca3132a48e43f6a0f5a82cb508f22ce5a3d6f67a8329c81c8e226d3f6e"},
    {file = "numpy-1.19.5-pp36-pypy36_pp73-manylinux2010_x86_64.whl", hash = "sha256:a0d53e51a6cb6f0d9082decb7a4cb6dfb33055308c4c44f53103c073f649af73"},
    {file = "numpy-1.19.5.zip", hash = "sha256:a76f502430dd98d7546e1ea2250a7360c065a5fdea52b2dffe8ae7180909b6f4"},
]

[[package]]
name = "numpy"
version = "1.21.6"
description = "NumPy is the fundamental package for array computing with Python."
optional = false
python-versions = ">=3.7,<3.11"
groups = ["main"]
markers = "python_version == \"3.7\" and (platform_system != \"Darwin\" or platform_machine != \"arm64\") and (platform_system != \"Linux\" or platform_machine != \"aarch64\")"
files = [
    {file = "numpy-1.21.6-cp310-cp310-macosx_10_9_universal2.whl", hash = "sha256:8737609c3bbdd48e380d463134a35ffad3b22dc56295eff6f79fd85bd0eeeb25"},
    {file = "numpy-1.21.6-cp310-cp310-macosx_10_9_x86_64.whl", hash = "sha256:fdffbfb6832cd0b300995a2b08b8f6fa9f6e856d562800fea9182316d99c4e8e"},
    {file = "numpy-1.21.6-cp310-cp310-macosx_11_0_arm64.whl", hash = "sha256:3820724272f9913b597ccd13a467cc492a0da6b05df26ea09e78b171a0bb9da6"},
    {file = "numpy-1.21.6-cp310-cp310-manylinux_2_17_aarch64.manylinux2014_aarch64.whl", hash = "sha256:f17e562de9edf691a42ddb1eb4a5541c20dd3f9e65b09ded2beb0799c0cf29bb"},
    {file = "numpy-1.21.6-cp310-cp310-manylinux_2_17_x86_64.manylinux2014_x86_64.whl", hash = "sha256:5f30427731561ce75d7048ac254dbe47a2ba576229250fb60f0fb74db96501a1"},
    {file = "numpy-1.21.6-cp310-cp310-win32.whl", hash = "sha256:d4bf4d43077db55589ffc9009c0ba0a94fa4908b9586d6ccce2e0b164c86303c"},
    {file = "numpy-1.21.6-cp310-cp310-win_amd64.whl", hash = "sha256:d136337ae3cc69aa5e447e78d8e1514be8c3ec9b54264e680cf0b4bd9011574f"},
    {file = "numpy-1.21.6-cp37-cp37m-macosx_10_9_x86_64.whl", hash = "sha256:6aaf96c7f8cebc220cdfc03f1d5a31952f027dda050e5a703a0d1c396075e3e7"},
    {file = "numpy-1.21.6-cp37-cp37m-manylinux_2_12_i686.manylinux2010_i686.whl", hash = "sha256:67c261d6c0a9981820c3a149d255a76918278a6b03b6a036800359aba1256d46"},
    {file = "numpy-1.21.6-cp37-cp37m-manylinux_2_12_x86_64.manylinux2010_x86_64.whl", hash = "sha256:a6be4cb0ef3b8c9250c19cc122267263093eee7edd4e3fa75395dfda8c17a8e2"},
    {file = "numpy-1.21.6-cp37-cp37m-manylinux_2_17_aarch64.manylinux2014_aarch64.whl", hash = "sha256:7c4068a8c44014b2d55f3c3f574c376b2494ca9cc73d2f1bd692382b6dffe3db"},
    {file = "numpy-1.21.6-cp37-cp37m-win32.whl", hash = "sha256:7c7e5fa88d9ff656e067876e4736379cc962d185d5cd808014a8a928d529ef4e"},
    {file = "numpy-1.21.6-cp37-cp37m-win_amd64.whl", hash = "sha256:bcb238c9c96c00d3085b264e5c1a1207672577b93fa666c3b14a45240b14123a"},
    {file = "numpy-1.21.6-cp38-cp38-macosx_10_9_universal2.whl", hash = "sha256:82691fda7c3f77c90e62da69ae60b5ac08e87e775b09813559f8901a88266552"},
    {file = "numpy-1.21.6-cp38-cp38-macosx_10_9_x86_64.whl", hash = "sha256:643843bcc1c50526b3a71cd2ee561cf0d8773f062c8cbaf9ffac9fdf573f83ab"},
    {file = "numpy-1.21.6-cp38-cp38-macosx_11_0_arm64.whl", hash = "sha256:357768c2e4451ac241465157a3e929b265dfac85d9214074985b1786244f2ef3"},
    {file = "numpy-1.21.6-cp38-cp38-manylinux_2_12_i686.manylinux2010_i686.whl", hash = "sha256:9f411b2c3f3d76bba0865b35a425157c5dcf54937f82bbeb3d3c180789dd66a6"},
    {file = "numpy-1.21.6-cp38-cp38-manylinux_2_12_x86_64.manylinux2010_x86_64.whl", hash = "sha256:4aa48afdce4660b0076a00d80afa54e8a97cd49f457d68a4342d188a09451c1a"},
    {file = "numpy-1.21.6-cp38-cp38-manylinux_2_17_aarch64.manylinux2014_aarch64.whl", hash = "sha256:d6a96eef20f639e6a97d23e57dd0c1b1069a7b4fd7027482a4c5c451cd7732f4"},
    {file = "numpy-1.21.6-cp38-cp38-win32.whl", hash = "sha256:5c3c8def4230e1b959671eb959083661b4a0d2e9af93ee339c7dada6759a9470"},
    {file = "numpy-1.21.6-cp38-cp38-win_amd64.whl", hash = "sha256:bf2ec4b75d0e9356edea834d1de42b31fe11f726a81dfb2c2112bc1eaa508fcf"},
    {file = "numpy-1.21.6-cp39-cp39-macosx_10_9_universal2.whl", hash = "sha256:4391bd07606be175aafd267ef9bea87cf1b8210c787666ce82073b05f202add1"},
    {file = "numpy-1.21.6-cp39-cp39-macosx_10_9_x86_64.whl", hash = "sha256:67f21981ba2f9d7ba9ade60c9e8cbaa8cf8e9ae51673934480e45cf55e953673"},
    {file = "numpy-1.21.6-cp39-cp39-macosx_11_0_arm64.whl", hash = "sha256:ee5ec40fdd06d62fe5d4084bef4fd50fd4bb6bfd2bf519365f569dc470163ab0"},
    {file = "numpy-1.21.6-cp39-cp39-manylinux_2_12_i686.manylinux2010_i686.whl", hash = "sha256:1dbe1c91269f880e364526649a52eff93ac30035507ae980d2fed33aaee633ac"},
    {file = "numpy-1.21.6-cp39-cp39-manylinux_2_12_x86_64.manylinux2010_x86_64.whl", hash = "sha256:d9caa9d5e682102453d96a0ee10c7241b72859b01a941a397fd965f23b3e016b"},
    {file = "numpy-1.21.6-cp39-cp39-manylinux_2_17_aarch64.manylinux2014_aarch64.whl", hash = "sha256:58459d3bad03343ac4b1b42ed14d571b8743dc80ccbf27444f266729df1d6f5b"},
    {file = "numpy-1.21.6-cp39-cp39-win32.whl", hash = "sha256:7f5ae4f304257569ef3b948810816bc87c9146e8c446053539947eedeaa32786"},
    {file = "numpy-1.21.6-cp39-cp39-win_amd64.whl", hash = "sha256:e31f0bb5928b793169b87e3d1e070f2342b22d5245c755e2b81caa29756246c3"},
    {file = "numpy-1.21.6-pp37-pypy37_pp73-manylinux_2_12_x86_64.manylinux2010_x86_64.whl", hash = "sha256:dd1c8f6bd65d07d3810b90d02eba7997e32abbdf1277a481d698969e921a3be0"},
    {file = "numpy-1.21.6.zip", hash = "sha256:ecb55251139706669fdec2ff073c98ef8e9a84473e51e716211b41aa0f18e656"},
]

[[package]]
name = "numpy"
version = "1.24.4"
description = "Fundamental package for array computing in Python"
optional = false
python-versions = ">=3.8"
groups = ["main"]
markers = "python_version == \"3.8\" and (platform_system != \"Darwin\" or platform_machine != \"arm64\") and (platform_system != \"Linux\" or platform_machine != \"aarch64\")"
files = [
    {file = "numpy-1.24.4-cp310-cp310-macosx_10_9_x86_64.whl", hash = "sha256:c0bfb52d2169d58c1cdb8cc1f16989101639b34c7d3ce60ed70b19c63eba0b64"},
    {file = "numpy-1.24.4-cp310-cp310-macosx_11_0_arm64.whl", hash = "sha256:ed094d4f0c177b1b8e7aa9cba7d6ceed51c0e569a5318ac0ca9a090680a6a1b1"},
    {file = "numpy-1.24.4-cp310-cp310-manylinux_2_17_aarch64.manylinux2014_aarch64.whl", hash = "sha256:79fc682a374c4a8ed08b331bef9c5f582585d1048fa6d80bc6c35bc384eee9b4"},
    {file = "numpy-1.24.4-cp310-cp310-manylinux_2_17_x86_64.manylinux2014_x86_64.whl", hash = "sha256:7ffe43c74893dbf38c2b0a1f5428760a1a9c98285553c89e12d70a96a7f3a4d6"},
    {file = "numpy-1.24.4-cp310-cp310-win32.whl", hash = "sha256:4c21decb6ea94057331e111a5bed9a79d335658c27ce2adb580fb4d54f2ad9bc"},
    {file = "numpy-1.24.4-cp310-cp310-win_amd64.whl", hash = "sha256:b4bea75e47d9586d31e892a7401f76e909712a0fd510f58f5337bea9572c571e"},
    {file = "numpy-1.24.4-cp311-cp311-macosx_10_9_x86_64.whl", hash = "sha256:f136bab9c2cfd8da131132c2cf6cc27331dd6fae65f95f69dcd4ae3c3639c810"},
    {file = "numpy-1.24.4-cp311-cp311-macosx_11_0_arm64.whl", hash = "sha256:e2926dac25b313635e4d6cf4dc4e51c8c0ebfed60b801c799ffc4c32bf3d1254"},
    {file = "numpy-1.24.4-cp311-cp311-manylinux_2_17_aarch64.manylinux2014_aarch64.whl", hash = "sha256:222e40d0e2548690405b0b3c7b21d1169117391c2e82c378467ef9ab4c8f0da7"},
    {file = "numpy-1.24.4-cp311-cp311-manylinux_2_17_x86_64.manylinux2014_x86_64.whl", hash = "sha256:7215847ce88a85ce39baf9e89070cb860c98fdddacbaa6c0da3ffb31b3350bd5"},
    {file = "numpy-1.24.4-cp311-cp311-win32.whl", hash = "sha256:4979217d7de511a8d57f4b4b5b2b965f707768440c17cb70fbf254c4b225238d"},
    {file = "numpy-1.24.4-cp311-cp311-win_amd64.whl", hash = "sha256:b7b1fc9864d7d39e28f41d089bfd6353cb5f27ecd9905348c24187a768c79694"},
    {file = "numpy-1.24.4-cp38-cp38-macosx_10_9_x86_64.whl", hash = "sha256:1452241c290f3e2a312c137a9999cdbf63f78864d63c79039bda65ee86943f61"},
    {file = "numpy-1.24.4-cp38-cp38-macosx_11_0_arm64.whl", hash = "sha256:04640dab83f7c6c85abf9cd729c5b65f1ebd0ccf9de90b270cd61935eef0197f"},
    {file = "numpy-1.24.4-cp38-cp38-manylinux_2_17_aarch64.manylinux2014_aarch64.whl", hash = "sha256:a5425b114831d1e77e4b5d812b69d11d962e104095a5b9c3b641a218abcc050e"},
    {file = "numpy-1.24.4-cp38-cp38-manylinux_2_17_x86_64.manylinux2014_x86_64.whl", hash = "sha256:dd80e219fd4c71fc3699fc1dadac5dcf4fd882bfc6f7ec53d30fa197b8ee22dc"},
    {file = "numpy-1.24.4-cp38-cp38-win32.whl", hash = "sha256:4602244f345453db537be5314d3983dbf5834a9701b7723ec28923e2889e0bb2"},
    {file = "numpy-1.24.4-cp38-cp38-win_amd64.whl", hash = "sha256:692f2e0f55794943c5bfff12b3f56f99af76f902fc47487bdfe97856de51a706"},
    {file = "numpy-1.24.4-cp39-cp39-macosx_10_9_x86_64.whl", hash = "sha256:2541312fbf09977f3b3ad449c4e5f4bb55d0dbf79226d7724211acc905049400"},
    {file = "numpy-1.24.4-cp39-cp39-macosx_11_0_arm64.whl", hash = "sha256:9667575fb6d13c95f1b36aca12c5ee3356bf001b714fc354eb5465ce1609e62f"},
    {file = "numpy-1.24.4-cp39-cp39-manylinux_2_17_aarch64.manylinux2014_aarch64.whl", hash = "sha256:f3a86ed21e4f87050382c7bc96571755193c4c1392490744ac73d660e8f564a9"},
    {file = "numpy-1.24.4-cp39-cp39-manylinux_2_17_x86_64.manylinux2014_x86_64.whl", hash = "sha256:d11efb4dbecbdf22508d55e48d9c8384db795e1b7b51ea735289ff96613ff74d"},
    {file = "numpy-1.24.4-cp39-cp39-win32.whl", hash = "sha256:6620c0acd41dbcb368610bb2f4d83145674040025e5536954782467100aa8835"},
    {file = "numpy-1.24.4-cp39-cp39-win_amd64.whl", hash = "sha256:befe2bf740fd8373cf56149a5c23a0f601e82869598d41f8e188a0e9869926f8"},
    {file = "numpy-1.24.4-pp38-pypy38_pp73-macosx_10_9_x86_64.whl", hash = "sha256:31f13e25b4e304632a4619d0e0777662c2ffea99fcae2029556b17d8ff958aef"},
    {file = "numpy-1.24.4-pp38-pypy38_pp73-manylinux_2_17_x86_64.manylinux2014_x86_64.whl", hash = "sha256:95f7ac6540e95bc440ad77f56e520da5bf877f87dca58bd095288dce8940532a"},
    {file = "numpy-1.24.4-pp38-pypy38_pp73-win_amd64.whl", hash = "sha256:e98f220aa76ca2a977fe435f5b04d7b3470c0a2e6312907b37ba6068f26787f2"},
    {file = "numpy-1.24.4.tar.gz", hash = "sha256:80f5e3a4e498641401868df4208b74581206afbee7cf7b8329daae82676d9463"},
]

[[package]]
name = "opencv-python"
version = "3.4.11.41"
description = "Wrapper package for OpenCV python bindings."
optional = false
python-versions = ">=3.5"
groups = ["main"]
markers = "python_version < \"3.7\" and (python_version == \"3.5\" or platform_system != \"Darwin\" or platform_machine != \"arm64\") and (python_version == \"3.5\" or platform_system != \"Linux\" or platform_machine != \"aarch64\")"
files = [
    {file = "opencv-python-3.4.11.41.tar.gz", hash = "sha256:87087744b19eb9565e0bddc53bb09a0e446139d1cedb27364edc6964c7d45418"},
    {file = "opencv_python-3.4.11.41-cp35-cp35m-macosx_10_13_x86_64.whl", hash = "sha256:c413827fc522195fe88ad33cf49f5a8a333b280679c355706d08c0e304df8f23"},
    {file = "opencv_python-3.4.11.41-cp35-cp35m-manylinux2014_i686.whl", hash = "sha256:25b3046fc53c423ca6a45f96442db6da7ac80c57ad926471c66796305a101b78"},
    {file = "opencv_python-3.4.11.41-cp35-cp35m-manylinux2014_x86_64.whl", hash = "sha256:a4339fb0f5004c8a0dc7b074454bb855e197ed8a38a398b8e3e9dbd8516ed715"},
    {file = "opencv_python-3.4.11.41-cp35-cp35m-win32.whl", hash = "sha256:e7ca5bd390262aec7b307af4d303d6bf3c0f167b4675d4209e26c90eb6c66c3b"},
    {file = "opencv_python-3.4.11.41-cp35-cp35m-win_amd64.whl", hash = "sha256:ddc85ba21181dbca12104a740d628ff0edef84621939d7354fed5ea6d5d8a38f"},
    {file = "opencv_python-3.4.11.41-cp36-cp36m-macosx_10_13_x86_64.whl", hash = "sha256:d837112fa68c1bf06198cbe14e337b5fa3faba5124584440cab04fce08ffa6aa"},
    {file = "opencv_python-3.4.11.41-cp36-cp36m-manylinux2014_i686.whl", hash = "sha256:ff9f6c837c8ef7604d9e843084f096086c49effb6f490a37ec8b4515731f791e"},
    {file = "opencv_python-3.4.11.41-cp36-cp36m-manylinux2014_x86_64.whl", hash = "sha256:c233729b83600571eb91407512a0de3d87176e73d7fa4b72070856761dad3eda"},
    {file = "opencv_python-3.4.11.41-cp36-cp36m-win32.whl", hash = "sha256:f1e0985b245a651e09aa04b48f39b3d7f5533fca70c35ccd5018d13e36abc86b"},
    {file = "opencv_python-3.4.11.41-cp36-cp36m-win_amd64.whl", hash = "sha256:d9df8d04855aa16481ba976b0e9ba197b8f20dba1bb78cd9fb7157554d3371f0"},
    {file = "opencv_python-3.4.11.41-cp37-cp37m-macosx_10_13_x86_64.whl", hash = "sha256:aebdbd4450f8eff02a137eb4b0f13d1c9fc02d4e7d82ea41cd86376cfd5f36bf"},
    {file = "opencv_python-3.4.11.41-cp37-cp37m-manylinux2014_i686.whl", hash = "sha256:4244ae555a77c1c68b0a6b0a3c0b168c5858c4a9c5d6e867d5e19601406fbf67"},
    {file = "opencv_python-3.4.11.41-cp37-cp37m-manylinux2014_x86_64.whl", hash = "sha256:740b5294c492e55701d371f82aa3012520d301d8adddd5474d199ae3d9fb7077"},
    {file = "opencv_python-3.4.11.41-cp37-cp37m-win32.whl", hash = "sha256:7839c7579bffd72edd5755584f7aabd08a7c5f87dd435cc978284acb06188607"},
    {file = "opencv_python-3.4.11.41-cp37-cp37m-win_amd64.whl", hash = "sha256:c6ac4a54d5bc3bab8f1d92806ae90bd33ae8dcced5562e1e8f57bf34881acd46"},
    {file = "opencv_python-3.4.11.41-cp38-cp38-macosx_10_13_x86_64.whl", hash = "sha256:efc86724d122a9c0e157eccbc680c106e293bd7a17b61c1ddcffd85582eb7c77"},
    {file = "opencv_python-3.4.11.41-cp38-cp38-manylinux2014_i686.whl", hash = "sha256:04a95629fa0dad7e25ad08cb5b7d38fc24b027fed2049f6aa5a36235b2ecb5ce"},
    {file = "opencv_python-3.4.11.41-cp38-cp38-manylinux2014_x86_64.whl", hash = "sha256:435bca76128da470d854b9c0146df9af7fe5cce18b1ab96b77a437aedb1c5f87"},
    {file = "opencv_python-3.4.11.41-cp38-cp38-win32.whl", hash = "sha256:5ddc4d52bb0f3a2815d7472a03b8892fbcb63841f348aa4843b9581892a95618"},
    {file = "opencv_python-3.4.11.41-cp38-cp38-win_amd64.whl", hash = "sha256:9ea21b90b14e68c511269bf908bf1151969a65c410e6b0e1f0cdbad9e141c622"},
]

[package.dependencies]
numpy = ">=1.13.1"

[[package]]
name = "opencv-python"
version = "3.4.15.55"
description = "Wrapper package for OpenCV python bindings."
optional = false
python-versions = ">=3.6"
groups = ["main"]
markers = "platform_system == \"Darwin\" and platform_machine == \"arm64\" and python_version >= \"3.6\" or python_version >= \"3.10\""
files = [
    {file = "opencv-python-3.4.15.55.tar.gz", hash = "sha256:e5e0d9a6fcdd46646db1e11dd8f7565326c80aad5a458de85be04cc60d86180e"},
    {file = "opencv_python-3.4.15.55-cp36-cp36m-macosx_10_15_x86_64.whl", hash = "sha256:3cdf907703f5770c734cfb2f2e8c46fb17ce583f4252410020ff9f8832fd05df"},
    {file = "opencv_python-3.4.15.55-cp36-cp36m-manylinux2014_aarch64.whl", hash = "sha256:b0b9f755e0f2ab92397176b191279b2020c899bffadd7dd279d7a6d3c8a03d23"},
    {file = "opencv_python-3.4.15.55-cp36-cp36m-manylinux2014_x86_64.whl", hash = "sha256:c28b24ad4b2555359c309367493c8c3bac6d5dbfd366615fc51eedcf0621522a"},
    {file = "opencv_python-3.4.15.55-cp36-cp36m-win32.whl", hash = "sha256:b446b0774a287e70d822de8c152bc3a16d3401ce05bc274f5afe4d00206e9332"},
    {file = "opencv_python-3.4.15.55-cp36-cp36m-win_amd64.whl", hash = "sha256:cde0bb537ecba839510473d5a890897838a3eb8835c625ef0eff19a4b73f13e7"},
    {file = "opencv_python-3.4.15.55-cp37-cp37m-macosx_10_15_x86_64.whl", hash = "sha256:145d27205b0f2499cd350ebf7891225663d147c8e486d3f4b21be9fc2d41cb98"},
    {file = "opencv_python-3.4.15.55-cp37-cp37m-macosx_11_0_arm64.whl", hash = "sha256:408a8ed7c4299594a8750209297c13a2c46a442da97cb2f7733b8eef6f6c87b0"},
    {file = "opencv_python-3.4.15.55-cp37-cp37m-manylinux2014_aarch64.whl", hash = "sha256:7eeac9fc6081d86f9a5ec6ec4d1cd1a051de0884468aead1885cc71258e48591"},
    {file = "opencv_python-3.4.15.55-cp37-cp37m-manylinux2014_x86_64.whl", hash = "sha256:18ad453a85554a1c3a4ec781a92583fc17fcf0cf040662eb5d8b340c70f73d7f"},
    {file = "opencv_python-3.4.15.55-cp37-cp37m-win32.whl", hash = "sha256:cc8ec589b49ac8056d842f16ccb29af6fda85ec87415ab787e09b212c79afb87"},
    {file = "opencv_python-3.4.15.55-cp37-cp37m-win_amd64.whl", hash = "sha256:ee7dee8d5e548553f428ce884dc3362b18f119b9dae1fe8d847eabe2f4db5c64"},
    {file = "opencv_python-3.4.15.55-cp38-cp38-macosx_10_15_x86_64.whl", hash = "sha256:13b10f16e224be1404659e90e2721a61acb5be85c3cd282721e5f3a7467ad56a"},
    {file = "opencv_python-3.4.15.55-cp38-cp38-macosx_11_0_arm64.whl", hash = "sha256:45644aff93a12544243020cf3267c8c8b3e8e08635ea4c081ee8d67bb04adbbe"},
    {file = "opencv_python-3.4.15.55-cp38-cp38-manylinux2014_aarch64.whl", hash = "sha256:3ad1c69c7737b0e33e5cbe32d026a73182ccb20f2c01bf3ed7f013b821f8d03c"},
    {file = "opencv_python-3.4.15.55-cp38-cp38-manylinux2014_x86_64.whl", hash = "sha256:f4b579cf58e1feb39a3b16c4fe67deccea8d7f955b5510bc9838fbbf51c2f398"},
    {file = "opencv_python-3.4.15.55-cp38-cp38-win32.whl", hash = "sha256:e649a4b54dc7453d2b738fcf8c4be31f96f6fe95b29a9b36b73daac26ccbf898"},
    {file = "opencv_python-3.4.15.55-cp38-cp38-win_amd64.whl", hash = "sha256:fc12c93761a5403a92ff43719e4e9a47d88182d17d06001a2749daf7f051f057"},
    {file = "opencv_python-3.4.15.55-cp39-cp39-macosx_10_15_x86_64.whl", hash = "sha256:2a6f147b7d59c2a3f70009bc22639c074897fa8991f8cbc581ff802195f68143"},
    {file = "opencv_python-3.4.15.55-cp39-cp39-macosx_11_0_arm64.whl", hash = "sha256:9b8c34f0691efd9f9f0cef328eaf09fe9cf8cf94ea6111f4554a805ddfa22829"},
    {file = "opencv_python-3.4.15.55-cp39-cp39-manylinux2014_aarch64.whl", hash = "sha256:4a53ad840cf6d6cefca42932b200506deb9e26eb13101eda78155d5ee9571b54"},
    {file = "opencv_python-3.4.15.55-cp39-cp39-manylinux2014_x86_64.whl", hash = "sha256:cad6a2b23b27f8e3c89c8061be7063fc7204ed91da7659e358857b985442395e"},
    {file = "opencv_python-3.4.15.55-cp39-cp39-win32.whl", hash = "sha256:f44d4f6ef06c805ff87c264261b0fbf8cc034f931f51f45466cda5d65449f3ba"},
    {file = "opencv_python-3.4.15.55-cp39-cp39-win_amd64.whl", hash = "sha256:56e889ca580291a353dfa7b8e15241ad19533d976a0615795c53744a75d6ca80"},
]

[package.dependencies]
numpy = ">=1.13.3"

[[package]]
name = "opencv-python"
version = "3.4.18.65"
description = "Wrapper package for OpenCV python bindings."
optional = false
python-versions = ">=3.6"
groups = ["main"]
markers = "python_version >= \"3.6\" and (python_version >= \"3.7\" or platform_system == \"Linux\") and (python_version >= \"3.7\" or platform_machine == \"aarch64\") and python_version < \"3.10\" and (platform_system != \"Darwin\" or platform_machine != \"arm64\")"
files = [
    {file = "opencv-python-3.4.18.65.tar.gz", hash = "sha256:0c2d5ebd08420079d6ebdec7a247f0284d403edd87647e9fbcc474c5adcb310b"},
    {file = "opencv_python-3.4.18.65-cp36-abi3-macosx_10_15_x86_64.whl", hash = "sha256:0630dfa57dbadd63f62eae6758c743ab7c18358940f34e8b9ee666c00d2e74fb"},
    {file = "opencv_python-3.4.18.65-cp36-abi3-manylinux_2_17_aarch64.manylinux2014_aarch64.whl", hash = "sha256:447c5d9172713e026d4a742c5d3c167913dff133949ffc62fec5b6d1cb081b0b"},
    {file = "opencv_python-3.4.18.65-cp36-abi3-manylinux_2_17_x86_64.manylinux2014_x86_64.whl", hash = "sha256:27cc4a3a4dc2d73c76374c636985ce45a8e40e79d015fb0e69677ff4547edd9c"},
    {file = "opencv_python-3.4.18.65-cp36-abi3-win32.whl", hash = "sha256:3484618b7cda6b94939f475342ff100455b863d2bb7a81ac8d2b1965c4e983b6"},
    {file = "opencv_python-3.4.18.65-cp36-abi3-win_amd64.whl", hash = "sha256:9aecb4544d2e863f2fb9acffc47005f9c9733a307cdbca80babbef027c04e207"},
    {file = "opencv_python-3.4.18.65-cp37-abi3-macosx_11_0_arm64.whl", hash = "sha256:784acb4c6c1880e0b8fb124f2b79e10838f1c244b0220f812d2852c91bc80ae9"},
]

[package.dependencies]
numpy = [
    {version = ">=1.19.3", markers = "python_version >= \"3.6\" and python_version < \"3.10\" and platform_system == \"Linux\" and platform_machine == \"aarch64\" or python_version == \"3.9\" and platform_machine != \"arm64\" or python_version == \"3.9\" and platform_system != \"Darwin\""},
    {version = ">=1.17.3", markers = "python_version == \"3.8\" and (platform_system != \"Darwin\" or platform_machine != \"arm64\") and (platform_system != \"Linux\" or platform_machine != \"aarch64\")"},
    {version = ">=1.14.5", markers = "python_version == \"3.7\" and (platform_system != \"Darwin\" or platform_machine != \"arm64\") and (platform_system != \"Linux\" or platform_machine != \"aarch64\")"},
]

[[package]]
name = "tqdm"
version = "4.64.1"
description = "Fast, Extensible Progress Meter"
optional = false
python-versions = "!=3.0.*,!=3.1.*,!=3.2.*,!=3.3.*,>=2.7"
groups = ["main"]
markers = "platform_system == \"Darwin\" and platform_machine == \"arm64\" and python_version >= \"3.6\" or python_version >= \"3.9\" or python_version >= \"3.6\" and platform_system == \"Linux\" and platform_machine == \"aarch64\" or python_version < \"3.7\" and (python_version == \"3.5\" or platform_system != \"Darwin\" or platform_machine != \"arm64\") and (python_version == \"3.5\" or platform_system != \"Linux\" or platform_machine != \"aarch64\")"
files = [
    {file = "tqdm-4.64.1-py2.py3-none-any.whl", hash = "sha256:6fee160d6ffcd1b1c68c65f14c829c22832bc401726335ce92c52d395944a6a1"},
    {file = "tqdm-4.64.1.tar.gz", hash = "sha256:5f4f682a004951c1b450bc753c710e9280c5746ce6ffedee253ddbcbf54cf1e4"},
]

[package.dependencies]
colorama = {version = "*", markers = "platform_system == \"Windows\""}
importlib-resources = {version = "*", markers = "python_version < \"3.7\""}

[package.extras]
dev = ["py-make (>=0.1.0)", "twine", "wheel"]
notebook = ["ipywidgets (>=6)"]
slack = ["slack-sdk"]
telegram = ["requests"]

[[package]]
name = "tqdm"
version = "4.67.3"
description = "Fast, Extensible Progress Meter"
optional = false
python-versions = ">=3.7"
groups = ["main"]
markers = "python_version >= \"3.7\" and python_version < \"3.9\" and (platform_system != \"Darwin\" or platform_machine != \"arm64\") and (platform_system != \"Linux\" or platform_machine != \"aarch64\")"
files = [
    {file = "tqdm-4.67.3-py3-none-any.whl", hash = "sha256:ee1e4c0e59148062281c49d80b25b67771a127c85fc9676d3be5f243206826bf"},
    {file = "tqdm-4.67.3.tar.gz", hash = "sha256:7d825f03f89244ef73f1d4ce193cb1774a8179fd96f31d7e1dcde62092b960bb"},
]

[package.dependencies]
colorama = {version = "*", markers = "platform_system == \"Windows\""}
importlib_metadata = {version = "*", markers = "python_version < \"3.8\""}

[package.extras]
dev = ["nbval", "pytest (>=6)", "pytest-asyncio (>=0.24)", "pytest-cov", "pytest-timeout"]
discord = ["requests"]
notebook = ["ipywidgets (>=6)"]
slack = ["slack-sdk"]
telegram = ["requests"]

[[package]]
name = "typing-extensions"
version = "4.7.1"
description = "Backported and Experimental Type Hints for Python 3.7+"
optional = false
python-versions = ">=3.7"
groups = ["main"]
markers = "python_version == \"3.7\" and (platform_system != \"Darwin\" or platform_machine != \"arm64\") and (platform_system != \"Linux\" or platform_machine != \"aarch64\")"
files = [
    {file = "typing_extensions-4.7.1-py3-none-any.whl", hash = "sha256:440d5dd3af93b060174bf433bccd69b0babc3b15b1a8dca43789fd7f61514b36"},
    {file = "typing_extensions-4.7.1.tar.gz", hash = "sha256:b75ddc264f0ba5615db7ba217daeb99701ad295353c45f9e95963337ceeeffb2"},
]

[[package]]
name = "zipp"
version = "1.2.0"
description = "Backport of pathlib-compatible object wrapper for zip files"
optional = false
python-versions = ">=2.7"
groups = ["main"]
markers = "python_version < \"3.7\" and (python_version == \"3.5\" or platform_system != \"Darwin\" or platform_machine != \"arm64\") and (python_version == \"3.5\" or platform_system != \"Linux\" or platform_machine != \"aarch64\")"
files = [
    {file = "zipp-1.2.0-py2.py3-none-any.whl", hash = "sha256:e0d9e63797e483a30d27e09fffd308c59a700d365ec34e93cc100844168bf921"},
    {file = "zipp-1.2.0.tar.gz", hash = "sha256:c70410551488251b0fee67b460fb9a536af8d6f9f008ad10ac51f615b6a521b1"},
]

[package.extras]
docs = ["jaraco.packaging (>=3.2)", "rst.linker (>=1.9)", "sphinx"]
testing = ["func-timeout", "jaraco.itertools", "pathlib2", "unittest2"]

[[package]]
name = "zipp"
version = "3.6.0"
description = "Backport of pathlib-compatible object wrapper for zip files"
optional = false
python-versions = ">=3.6"
groups = ["main"]
markers = "platform_system == \"Darwin\" and platform_machine == \"arm64\" and python_version == \"3.6\" or python_version == \"3.6\" and platform_system == \"Linux\" and platform_machine == \"aarch64\""
files = [
    {file = "zipp-3.6.0-py3-none-any.whl", hash = "sha256:9fe5ea21568a0a70e50f273397638d39b03353731e6cbbb3fd8502a33fec40bc"},
    {file = "zipp-3.6.0.tar.gz", hash = "sha256:71c644c5369f4a6e07636f0aa966270449561fcea2e3d6747b8d23efaa9d7832"},
]

[package.extras]
docs = ["jaraco.packaging (>=8.2)", "rst.linker (>=1.9)", "sphinx"]
testing = ["func-timeout", "jaraco.itertools", "pytest (>=4.6)", "pytest-black (>=0.3.7) ; platform_python_implementation != \"PyPy\"", "pytest-checkdocs (>=2.4)", "pytest-cov", "pytest-enabler (>=1.0.1)", "pytest-flake8", "pytest-mypy ; platform_python_implementation != \"PyPy\""]

[[package]]
name = "zipp"
version = "3.15.0"
description = "Backport of pathlib-compatible object wrapper for zip files"
optional = false
python-versions = ">=3.7"
groups = ["main"]
markers = "python_version == \"3.7\" and (platform_system != \"Darwin\" or platform_machine != \"arm64\") and (platform_system != \"Linux\" or platform_machine != \"aarch64\")"
files = [
    {file = "zipp-3.15.0-py3-none-any.whl", hash = "sha256:48904fc76a60e542af151aded95726c1a5c34ed43ab4134b597665c86d7ad556"},
    {file = "zipp-3.15.0.tar.gz", hash = "sha256:112929ad649da941c23de50f356a2b5570c954b65150642bccdd66bf194d224b"},
]

[package.extras]
docs = ["furo", "jaraco.packaging (>=9)", "jaraco.tidelift (>=1.4)", "rst.linker (>=1.9)", "sphinx (>=3.5)", "sphinx-lint"]
testing = ["big-O", "flake8 (<5)", "jaraco.functools", "jaraco.itertools", "more-itertools", "pytest (>=6)", "pytest-black (>=0.3.7) ; platform_python_implementation != \"PyPy\"", "pytest-checkdocs (>=2.4)", "pytest-cov", "pytest-enabler (>=1.3)", "pytest-flake8 ; python_version < \"3.12\"", "pytest-mypy (>=0.9.1) ; platform_python_implementation != \"PyPy\""]

[metadata]
lock-version = "2.1"
python-versions = "^3.5"
content-hash = "ec61e5a603191c3d785e77f986331932ea8a75922c7f3bca224b2213e0d33b88"
